// !$*UTF8*$!
{
	archiveVersion = 1;
	classes = {
	};
	objectVersion = 46;
	objects = {

/* Begin PBXAggregateTarget section */
		962C03C939F44500B2BEFBB4 /* ZERO_CHECK */ = {
			isa = PBXAggregateTarget;
			buildConfigurationList = CACF1C91956A40D4A2879615 /* Build configuration list for PBXAggregateTarget "ZERO_CHECK" */;
			buildPhases = (
				72B4C391894A477ABCF499AA /* CMake Rules */,
			);
			dependencies = (
			);
			name = ZERO_CHECK;
			productName = ZERO_CHECK;
		};
		EF9A109A5530407E822CB1CF /* ALL_BUILD */ = {
			isa = PBXAggregateTarget;
			buildConfigurationList = 3DBE73AE54E74D2BA5BA7AAF /* Build configuration list for PBXAggregateTarget "ALL_BUILD" */;
			buildPhases = (
				242A9AD49F44472FA17E7F1C /* CMake Rules */,
			);
			dependencies = (
				BB6F587402F34C09B06D3ACE /* PBXTargetDependency */,
				BA7F6D83214048F584B93D98 /* PBXTargetDependency */,
			);
			name = ALL_BUILD;
			productName = ALL_BUILD;
		};
/* End PBXAggregateTarget section */

/* Begin PBXBuildFile section */
		43EF813237CF470A96F668CB /* main.cpp in Sources */ = {isa = PBXBuildFile; fileRef = FE652F25C5A343A3A399B88A /* main.cpp */; };
		932CCA636C8C4CB3BCC290C4 /* MPC.cpp in Sources */ = {isa = PBXBuildFile; fileRef = 595901792E724CA287C7B9F0 /* MPC.cpp */; };
/* End PBXBuildFile section */

/* Begin PBXContainerItemProxy section */
		01D1EC4D993B4E6ABFFAD317 /* PBXContainerItemProxy */ = {
			isa = PBXContainerItemProxy;
			containerPortal = 794CFADFF8B84D139FBCFB53 /* Project object */;
			proxyType = 1;
			remoteGlobalIDString = 1A3AD63B2E014BD6A1B7B8A4;
			remoteInfo = mpc;
		};
		6BB9D637BC2D4B7D9CC953EE /* PBXContainerItemProxy */ = {
			isa = PBXContainerItemProxy;
			containerPortal = 794CFADFF8B84D139FBCFB53 /* Project object */;
			proxyType = 1;
			remoteGlobalIDString = 962C03C939F44500B2BEFBB4;
			remoteInfo = ZERO_CHECK;
		};
		C0DC03E0B2F74246996AB5F6 /* PBXContainerItemProxy */ = {
			isa = PBXContainerItemProxy;
			containerPortal = 794CFADFF8B84D139FBCFB53 /* Project object */;
			proxyType = 1;
			remoteGlobalIDString = 962C03C939F44500B2BEFBB4;
			remoteInfo = ZERO_CHECK;
		};
/* End PBXContainerItemProxy section */

/* Begin PBXFileReference section */
		0EE4A15962EF4B03AAF9059E /* CMakeLists.txt */ = {isa = PBXFileReference; explicitFileType = sourcecode.text; fileEncoding = 4; lastKnownFileType = text; path = CMakeLists.txt; sourceTree = SOURCE_ROOT; };
		1C9106FC7A10432DB24C42E9 /* mpc */ = {isa = PBXFileReference; explicitFileType = "compiled.mach-o.executable"; path = mpc; sourceTree = BUILT_PRODUCTS_DIR; };
		595901792E724CA287C7B9F0 /* MPC.cpp */ = {isa = PBXFileReference; explicitFileType = sourcecode.cpp.cpp; fileEncoding = 4; indentWidth = 2; name = MPC.cpp; path = src/MPC.cpp; sourceTree = SOURCE_ROOT; tabWidth = 2; };
		8EC1A619B7E842AF8FCC1CD7 /* CMakeLists.txt */ = {isa = PBXFileReference; explicitFileType = sourcecode.text; fileEncoding = 4; lastKnownFileType = text; path = CMakeLists.txt; sourceTree = SOURCE_ROOT; };
		91792F52215CFA9D009B344F /* MPC.h */ = {isa = PBXFileReference; indentWidth = 2; lastKnownFileType = sourcecode.c.h; name = MPC.h; path = src/MPC.h; sourceTree = "<group>"; tabWidth = 2; };
		FE652F25C5A343A3A399B88A /* main.cpp */ = {isa = PBXFileReference; explicitFileType = sourcecode.cpp.cpp; fileEncoding = 4; indentWidth = 2; name = main.cpp; path = src/main.cpp; sourceTree = SOURCE_ROOT; tabWidth = 2; };
/* End PBXFileReference section */

/* Begin PBXGroup section */
		79AF31DABFBD4B4E8431B062 /* ALL_BUILD */ = {
			isa = PBXGroup;
			children = (
				8424A51E1BB0449EBE4FA44D /* CMake Rules */,
				0EE4A15962EF4B03AAF9059E /* CMakeLists.txt */,
			);
			name = ALL_BUILD;
			sourceTree = "<group>";
		};
		8424A51E1BB0449EBE4FA44D /* CMake Rules */ = {
			isa = PBXGroup;
			children = (
			);
			name = "CMake Rules";
			sourceTree = "<group>";
		};
		A1F3D41B76E4448E8D3C2AAB /* mpc */ = {
			isa = PBXGroup;
			children = (
				F232A1C7A7E042F1A2E8340F /* Source Files */,
				8EC1A619B7E842AF8FCC1CD7 /* CMakeLists.txt */,
			);
			name = mpc;
			sourceTree = "<group>";
		};
		A391472338D14D6C8CE7DC29 /* Products */ = {
			isa = PBXGroup;
			children = (
				1C9106FC7A10432DB24C42E9 /* mpc */,
			);
			name = Products;
			sourceTree = "<group>";
		};
		DF874787F28842568C7819E6 = {
			isa = PBXGroup;
			children = (
				A1F3D41B76E4448E8D3C2AAB /* mpc */,
				79AF31DABFBD4B4E8431B062 /* ALL_BUILD */,
				A391472338D14D6C8CE7DC29 /* Products */,
			);
			sourceTree = "<group>";
		};
		F232A1C7A7E042F1A2E8340F /* Source Files */ = {
			isa = PBXGroup;
			children = (
				595901792E724CA287C7B9F0 /* MPC.cpp */,
				91792F52215CFA9D009B344F /* MPC.h */,
				FE652F25C5A343A3A399B88A /* main.cpp */,
			);
			name = "Source Files";
			sourceTree = "<group>";
		};
/* End PBXGroup section */

/* Begin PBXNativeTarget section */
		1A3AD63B2E014BD6A1B7B8A4 /* mpc */ = {
			isa = PBXNativeTarget;
			buildConfigurationList = 8A6B3B551D6347068DB41682 /* Build configuration list for PBXNativeTarget "mpc" */;
			buildPhases = (
				FFAB4A07130848678ED21678 /* Sources */,
			);
			buildRules = (
			);
			dependencies = (
				495AEF7CA39A4362A8690DA8 /* PBXTargetDependency */,
			);
			name = mpc;
			productName = mpc;
			productReference = 1C9106FC7A10432DB24C42E9 /* mpc */;
			productType = "com.apple.product-type.tool";
		};
/* End PBXNativeTarget section */

/* Begin PBXProject section */
		794CFADFF8B84D139FBCFB53 /* Project object */ = {
			isa = PBXProject;
			attributes = {
				BuildIndependentTargetsInParallel = YES;
				LastUpgradeCheck = 0720;
			};
			buildConfigurationList = D9AD0E6A2DBE46D3AF2AAEA4 /* Build configuration list for PBXProject "MPC" */;
			compatibilityVersion = "Xcode 3.2";
			developmentRegion = English;
			hasScannedForEncodings = 0;
			knownRegions = (
				en,
			);
			mainGroup = DF874787F28842568C7819E6;
			projectDirPath = ../;
			projectRoot = "";
			targets = (
				EF9A109A5530407E822CB1CF /* ALL_BUILD */,
				962C03C939F44500B2BEFBB4 /* ZERO_CHECK */,
				1A3AD63B2E014BD6A1B7B8A4 /* mpc */,
			);
		};
/* End PBXProject section */

/* Begin PBXShellScriptBuildPhase section */
		242A9AD49F44472FA17E7F1C /* CMake Rules */ = {
			isa = PBXShellScriptBuildPhase;
			buildActionMask = 2147483647;
			files = (
			);
			name = "CMake Rules";
			runOnlyForDeploymentPostprocessing = 0;
			shellPath = /bin/sh;
			shellScript = "make -C /Users/doug/Documents/GitHub/Udacity\\ Self\\ Driving\\ Car\\ Term\\ 2/Project\\ 5/Model-Predictive-Control/xcode -f /Users/doug/Documents/GitHub/Udacity\\ Self\\ Driving\\ Car\\ Term\\ 2/Project\\ 5/Model-Predictive-Control/xcode/CMakeScripts/ALL_BUILD_cmakeRulesBuildPhase.make$CONFIGURATION all";
			showEnvVarsInLog = 0;
		};
		72B4C391894A477ABCF499AA /* CMake Rules */ = {
			isa = PBXShellScriptBuildPhase;
			buildActionMask = 2147483647;
			files = (
			);
			name = "CMake Rules";
			runOnlyForDeploymentPostprocessing = 0;
			shellPath = /bin/sh;
			shellScript = "make -C /Users/doug/Documents/GitHub/Udacity\\ Self\\ Driving\\ Car\\ Term\\ 2/Project\\ 5/Model-Predictive-Control/xcode -f /Users/doug/Documents/GitHub/Udacity\\ Self\\ Driving\\ Car\\ Term\\ 2/Project\\ 5/Model-Predictive-Control/xcode/CMakeScripts/ZERO_CHECK_cmakeRulesBuildPhase.make$CONFIGURATION all";
			showEnvVarsInLog = 0;
		};
/* End PBXShellScriptBuildPhase section */

/* Begin PBXSourcesBuildPhase section */
		FFAB4A07130848678ED21678 /* Sources */ = {
			isa = PBXSourcesBuildPhase;
			buildActionMask = 2147483647;
			files = (
				932CCA636C8C4CB3BCC290C4 /* MPC.cpp in Sources */,
				43EF813237CF470A96F668CB /* main.cpp in Sources */,
			);
			runOnlyForDeploymentPostprocessing = 0;
		};
/* End PBXSourcesBuildPhase section */

/* Begin PBXTargetDependency section */
		495AEF7CA39A4362A8690DA8 /* PBXTargetDependency */ = {
			isa = PBXTargetDependency;
			target = 962C03C939F44500B2BEFBB4 /* ZERO_CHECK */;
			targetProxy = 6BB9D637BC2D4B7D9CC953EE /* PBXContainerItemProxy */;
		};
		BA7F6D83214048F584B93D98 /* PBXTargetDependency */ = {
			isa = PBXTargetDependency;
			target = 1A3AD63B2E014BD6A1B7B8A4 /* mpc */;
			targetProxy = 01D1EC4D993B4E6ABFFAD317 /* PBXContainerItemProxy */;
		};
		BB6F587402F34C09B06D3ACE /* PBXTargetDependency */ = {
			isa = PBXTargetDependency;
			target = 962C03C939F44500B2BEFBB4 /* ZERO_CHECK */;
			targetProxy = C0DC03E0B2F74246996AB5F6 /* PBXContainerItemProxy */;
		};
/* End PBXTargetDependency section */

/* Begin XCBuildConfiguration section */
		092F6898FB994FF3A5F98FD5 /* RelWithDebInfo */ = {
			isa = XCBuildConfiguration;
			buildSettings = {
				MACOSX_DEPLOYMENT_TARGET = 10.10;
				ONLY_ACTIVE_ARCH = YES;
				SDKROOT = /Applications/Xcode.app/Contents/Developer/Platforms/MacOSX.platform/Developer/SDKs/MacOSX10.11.sdk;
				SYMROOT = "/Users/doug/Documents/GitHub/Udacity Self Driving Car Term 2/Project 5/Model-Predictive-Control/xcode/build";
			};
			name = RelWithDebInfo;
		};
		0E948CBAAC7C4C8FA7842650 /* MinSizeRel */ = {
			isa = XCBuildConfiguration;
			buildSettings = {
				COMBINE_HIDPI_IMAGES = YES;
				GCC_GENERATE_DEBUGGING_SYMBOLS = YES;
				GCC_INLINES_ARE_PRIVATE_EXTERN = NO;
				GCC_OPTIMIZATION_LEVEL = 0;
				GCC_PREPROCESSOR_DEFINITIONS = "'CMAKE_INTDIR=\"$(CONFIGURATION)$(EFFECTIVE_PLATFORM_NAME)\"'";
				GCC_SYMBOLS_PRIVATE_EXTERN = NO;
				INSTALL_PATH = "";
				OTHER_LDFLAGS = " ";
				OTHER_REZFLAGS = "";
				PRODUCT_NAME = ALL_BUILD;
				SECTORDER_FLAGS = "";
				SYMROOT = "/Users/doug/Documents/GitHub/Udacity Self Driving Car Term 2/Project 5/Model-Predictive-Control/xcode";
				USE_HEADERMAP = NO;
				WARNING_CFLAGS = (
					"-Wmost",
					"-Wno-four-char-constants",
					"-Wno-unknown-pragmas",
					"$(inherited)",
				);
			};
			name = MinSizeRel;
		};
		1EEEA2E297424059A4F9B488 /* Debug */ = {
			isa = XCBuildConfiguration;
			buildSettings = {
				MACOSX_DEPLOYMENT_TARGET = 10.10;
				ONLY_ACTIVE_ARCH = YES;
				SDKROOT = /Applications/Xcode.app/Contents/Developer/Platforms/MacOSX.platform/Developer/SDKs/MacOSX10.11.sdk;
				SYMROOT = "/Users/doug/Documents/GitHub/Udacity Self Driving Car Term 2/Project 5/Model-Predictive-Control/xcode/build";
			};
			name = Debug;
		};
		55EFE112C4DC4E2F9F68AB22 /* Debug */ = {
			isa = XCBuildConfiguration;
			buildSettings = {
				COMBINE_HIDPI_IMAGES = YES;
				GCC_GENERATE_DEBUGGING_SYMBOLS = YES;
				GCC_INLINES_ARE_PRIVATE_EXTERN = NO;
				GCC_OPTIMIZATION_LEVEL = 0;
				GCC_PREPROCESSOR_DEFINITIONS = "'CMAKE_INTDIR=\"$(CONFIGURATION)$(EFFECTIVE_PLATFORM_NAME)\"'";
				GCC_SYMBOLS_PRIVATE_EXTERN = NO;
				INSTALL_PATH = "";
				OTHER_LDFLAGS = " ";
				OTHER_REZFLAGS = "";
				PRODUCT_NAME = ALL_BUILD;
				SECTORDER_FLAGS = "";
				SYMROOT = "/Users/doug/Documents/GitHub/Udacity Self Driving Car Term 2/Project 5/Model-Predictive-Control/xcode";
				USE_HEADERMAP = NO;
				WARNING_CFLAGS = (
					"-Wmost",
					"-Wno-four-char-constants",
					"-Wno-unknown-pragmas",
					"$(inherited)",
				);
			};
			name = Debug;
		};
		5C57A5BB3B0E4A398C4DA74A /* RelWithDebInfo */ = {
			isa = XCBuildConfiguration;
			buildSettings = {
				COMBINE_HIDPI_IMAGES = YES;
				GCC_GENERATE_DEBUGGING_SYMBOLS = YES;
				GCC_INLINES_ARE_PRIVATE_EXTERN = NO;
				GCC_OPTIMIZATION_LEVEL = 0;
				GCC_PREPROCESSOR_DEFINITIONS = "'CMAKE_INTDIR=\"$(CONFIGURATION)$(EFFECTIVE_PLATFORM_NAME)\"'";
				GCC_SYMBOLS_PRIVATE_EXTERN = NO;
				INSTALL_PATH = "";
				OTHER_LDFLAGS = " ";
				OTHER_REZFLAGS = "";
				PRODUCT_NAME = ALL_BUILD;
				SECTORDER_FLAGS = "";
				SYMROOT = "/Users/doug/Documents/GitHub/Udacity Self Driving Car Term 2/Project 5/Model-Predictive-Control/xcode";
				USE_HEADERMAP = NO;
				WARNING_CFLAGS = (
					"-Wmost",
					"-Wno-four-char-constants",
					"-Wno-unknown-pragmas",
					"$(inherited)",
				);
			};
			name = RelWithDebInfo;
		};
		5F70B8077E6F4FDD86D95EE0 /* Debug */ = {
			isa = XCBuildConfiguration;
			buildSettings = {
				COMBINE_HIDPI_IMAGES = YES;
				GCC_GENERATE_DEBUGGING_SYMBOLS = YES;
				GCC_INLINES_ARE_PRIVATE_EXTERN = NO;
				GCC_OPTIMIZATION_LEVEL = 0;
				GCC_PREPROCESSOR_DEFINITIONS = "'CMAKE_INTDIR=\"$(CONFIGURATION)$(EFFECTIVE_PLATFORM_NAME)\"'";
				GCC_SYMBOLS_PRIVATE_EXTERN = NO;
				INSTALL_PATH = "";
				OTHER_LDFLAGS = " ";
				OTHER_REZFLAGS = "";
				PRODUCT_NAME = ZERO_CHECK;
				SECTORDER_FLAGS = "";
				SYMROOT = "/Users/doug/Documents/GitHub/Udacity Self Driving Car Term 2/Project 5/Model-Predictive-Control/xcode";
				USE_HEADERMAP = NO;
				WARNING_CFLAGS = (
					"-Wmost",
					"-Wno-four-char-constants",
					"-Wno-unknown-pragmas",
					"$(inherited)",
				);
			};
			name = Debug;
		};
		6D47B5804CDB4796B9479CBC /* Release */ = {
			isa = XCBuildConfiguration;
			buildSettings = {
				COMBINE_HIDPI_IMAGES = YES;
				GCC_GENERATE_DEBUGGING_SYMBOLS = YES;
				GCC_INLINES_ARE_PRIVATE_EXTERN = NO;
				GCC_OPTIMIZATION_LEVEL = 0;
				GCC_PREPROCESSOR_DEFINITIONS = "'CMAKE_INTDIR=\"$(CONFIGURATION)$(EFFECTIVE_PLATFORM_NAME)\"'";
				GCC_SYMBOLS_PRIVATE_EXTERN = NO;
				INSTALL_PATH = "";
				OTHER_LDFLAGS = " ";
				OTHER_REZFLAGS = "";
				PRODUCT_NAME = ZERO_CHECK;
				SECTORDER_FLAGS = "";
				SYMROOT = "/Users/doug/Documents/GitHub/Udacity Self Driving Car Term 2/Project 5/Model-Predictive-Control/xcode";
				USE_HEADERMAP = NO;
				WARNING_CFLAGS = (
					"-Wmost",
					"-Wno-four-char-constants",
					"-Wno-unknown-pragmas",
					"$(inherited)",
				);
			};
			name = Release;
		};
		76CB8FCAF5274FD8B244E125 /* MinSizeRel */ = {
			isa = XCBuildConfiguration;
			buildSettings = {
				MACOSX_DEPLOYMENT_TARGET = 10.10;
				ONLY_ACTIVE_ARCH = YES;
				SDKROOT = /Applications/Xcode.app/Contents/Developer/Platforms/MacOSX.platform/Developer/SDKs/MacOSX10.11.sdk;
				SYMROOT = "/Users/doug/Documents/GitHub/Udacity Self Driving Car Term 2/Project 5/Model-Predictive-Control/xcode/build";
			};
			name = MinSizeRel;
		};
		908D04F0BA65473CAE552638 /* Release */ = {
			isa = XCBuildConfiguration;
			buildSettings = {
				MACOSX_DEPLOYMENT_TARGET = 10.10;
				ONLY_ACTIVE_ARCH = YES;
				SDKROOT = /Applications/Xcode.app/Contents/Developer/Platforms/MacOSX.platform/Developer/SDKs/MacOSX10.11.sdk;
				SYMROOT = "/Users/doug/Documents/GitHub/Udacity Self Driving Car Term 2/Project 5/Model-Predictive-Control/xcode/build";
			};
			name = Release;
		};
		929E84DF839344758B6AF721 /* MinSizeRel */ = {
			isa = XCBuildConfiguration;
			buildSettings = {
				COMBINE_HIDPI_IMAGES = YES;
				GCC_GENERATE_DEBUGGING_SYMBOLS = YES;
				GCC_INLINES_ARE_PRIVATE_EXTERN = NO;
				GCC_OPTIMIZATION_LEVEL = 0;
				GCC_PREPROCESSOR_DEFINITIONS = "'CMAKE_INTDIR=\"$(CONFIGURATION)$(EFFECTIVE_PLATFORM_NAME)\"'";
				GCC_SYMBOLS_PRIVATE_EXTERN = NO;
				INSTALL_PATH = "";
				OTHER_LDFLAGS = " ";
				OTHER_REZFLAGS = "";
				PRODUCT_NAME = ZERO_CHECK;
				SECTORDER_FLAGS = "";
				SYMROOT = "/Users/doug/Documents/GitHub/Udacity Self Driving Car Term 2/Project 5/Model-Predictive-Control/xcode";
				USE_HEADERMAP = NO;
				WARNING_CFLAGS = (
					"-Wmost",
					"-Wno-four-char-constants",
					"-Wno-unknown-pragmas",
					"$(inherited)",
				);
			};
			name = MinSizeRel;
		};
		AA44F3DD1FAE48ECA50C0EDC /* RelWithDebInfo */ = {
			isa = XCBuildConfiguration;
			buildSettings = {
				COMBINE_HIDPI_IMAGES = YES;
				GCC_GENERATE_DEBUGGING_SYMBOLS = YES;
				GCC_INLINES_ARE_PRIVATE_EXTERN = NO;
				GCC_OPTIMIZATION_LEVEL = 0;
				GCC_PREPROCESSOR_DEFINITIONS = "'CMAKE_INTDIR=\"$(CONFIGURATION)$(EFFECTIVE_PLATFORM_NAME)\"'";
				GCC_SYMBOLS_PRIVATE_EXTERN = NO;
				INSTALL_PATH = "";
				OTHER_LDFLAGS = " ";
				OTHER_REZFLAGS = "";
				PRODUCT_NAME = ZERO_CHECK;
				SECTORDER_FLAGS = "";
				SYMROOT = "/Users/doug/Documents/GitHub/Udacity Self Driving Car Term 2/Project 5/Model-Predictive-Control/xcode";
				USE_HEADERMAP = NO;
				WARNING_CFLAGS = (
					"-Wmost",
					"-Wno-four-char-constants",
					"-Wno-unknown-pragmas",
					"$(inherited)",
				);
			};
			name = RelWithDebInfo;
		};
		D5904F4F55F24A778AE1722E /* MinSizeRel */ = {
			isa = XCBuildConfiguration;
			buildSettings = {
				COMBINE_HIDPI_IMAGES = YES;
				EXECUTABLE_PREFIX = "";
				EXECUTABLE_SUFFIX = "";
				GCC_GENERATE_DEBUGGING_SYMBOLS = NO;
				GCC_INLINES_ARE_PRIVATE_EXTERN = NO;
				GCC_OPTIMIZATION_LEVEL = s;
				GCC_PREPROCESSOR_DEFINITIONS = "'CMAKE_INTDIR=\"$(CONFIGURATION)$(EFFECTIVE_PLATFORM_NAME)\"'";
				GCC_SYMBOLS_PRIVATE_EXTERN = NO;
				HEADER_SEARCH_PATHS = (
					/usr/local/include,
					"\"/Users/doug/Documents/GitHub/Udacity Self Driving Car Term 2/Project 5/Model-Predictive-Control/src/Eigen-3.3\"",
					/usr/local/opt/openssl/include,
				);
				INSTALL_PATH = "";
				LD_RUNPATH_SEARCH_PATHS = "/usr/local/lib /usr/local/opt/openssl/lib /usr/local/Cellar/libuv/1*/lib";
				LIBRARY_SEARCH_PATHS = (
					"/usr/local/lib/$(CONFIGURATION)$(EFFECTIVE_PLATFORM_NAME)",
					/usr/local/lib,
					"/usr/local/opt/openssl/lib/$(CONFIGURATION)$(EFFECTIVE_PLATFORM_NAME)",
					/usr/local/opt/openssl/lib,
					"/usr/local/Cellar/libuv/1*/lib/$(CONFIGURATION)$(EFFECTIVE_PLATFORM_NAME)",
					"/usr/local/Cellar/libuv/1*/lib",
				);
				OTHER_CPLUSPLUSFLAGS = (
					"-Wall",
					"-DNDEBUG",
					"-I/usr/local/include",
					"-I\"/Users/doug/Documents/GitHub/Udacity Self Driving Car Term 2/Project 5/Model-Predictive-Control/src/Eigen-3.3\"",
					"-I/usr/local/opt/openssl/include",
					"-std=c++11",
					"-O3",
				);
				OTHER_LDFLAGS = (
					"-Wl,-search_paths_first",
					"-Wl,-headerpad_max_install_names",
					"-lipopt",
					"-lz",
					"-lssl",
					"-luv",
					"-luWS",
				);
				OTHER_REZFLAGS = "";
				PRODUCT_NAME = mpc;
				SECTORDER_FLAGS = "";
				SYMROOT = "/Users/doug/Documents/GitHub/Udacity Self Driving Car Term 2/Project 5/Model-Predictive-Control/xcode";
				USE_HEADERMAP = NO;
				WARNING_CFLAGS = (
					"-Wmost",
					"-Wno-four-char-constants",
					"-Wno-unknown-pragmas",
					"$(inherited)",
				);
			};
			name = MinSizeRel;
		};
		D79067BD6D654D9AA03349DC /* RelWithDebInfo */ = {
			isa = XCBuildConfiguration;
			buildSettings = {
				COMBINE_HIDPI_IMAGES = YES;
				EXECUTABLE_PREFIX = "";
				EXECUTABLE_SUFFIX = "";
				GCC_GENERATE_DEBUGGING_SYMBOLS = YES;
				GCC_INLINES_ARE_PRIVATE_EXTERN = NO;
				GCC_OPTIMIZATION_LEVEL = 2;
				GCC_PREPROCESSOR_DEFINITIONS = "'CMAKE_INTDIR=\"$(CONFIGURATION)$(EFFECTIVE_PLATFORM_NAME)\"'";
				GCC_SYMBOLS_PRIVATE_EXTERN = NO;
				HEADER_SEARCH_PATHS = (
					/usr/local/include,
					"\"/Users/doug/Documents/GitHub/Udacity Self Driving Car Term 2/Project 5/Model-Predictive-Control/src/Eigen-3.3\"",
					/usr/local/opt/openssl/include,
				);
				INSTALL_PATH = "";
				LD_RUNPATH_SEARCH_PATHS = "/usr/local/lib /usr/local/opt/openssl/lib /usr/local/Cellar/libuv/1*/lib";
				LIBRARY_SEARCH_PATHS = (
					"/usr/local/lib/$(CONFIGURATION)$(EFFECTIVE_PLATFORM_NAME)",
					/usr/local/lib,
					"/usr/local/opt/openssl/lib/$(CONFIGURATION)$(EFFECTIVE_PLATFORM_NAME)",
					/usr/local/opt/openssl/lib,
					"/usr/local/Cellar/libuv/1*/lib/$(CONFIGURATION)$(EFFECTIVE_PLATFORM_NAME)",
					"/usr/local/Cellar/libuv/1*/lib",
				);
				OTHER_CPLUSPLUSFLAGS = (
					"-Wall",
					"-DNDEBUG",
					"-I/usr/local/include",
					"-I\"/Users/doug/Documents/GitHub/Udacity Self Driving Car Term 2/Project 5/Model-Predictive-Control/src/Eigen-3.3\"",
					"-I/usr/local/opt/openssl/include",
					"-std=c++11",
					"-O3",
				);
				OTHER_LDFLAGS = (
					"-Wl,-search_paths_first",
					"-Wl,-headerpad_max_install_names",
					"-lipopt",
					"-lz",
					"-lssl",
					"-luv",
					"-luWS",
				);
				OTHER_REZFLAGS = "";
				PRODUCT_NAME = mpc;
				SECTORDER_FLAGS = "";
				SYMROOT = "/Users/doug/Documents/GitHub/Udacity Self Driving Car Term 2/Project 5/Model-Predictive-Control/xcode";
				USE_HEADERMAP = NO;
				WARNING_CFLAGS = (
					"-Wmost",
					"-Wno-four-char-constants",
					"-Wno-unknown-pragmas",
					"$(inherited)",
				);
			};
			name = RelWithDebInfo;
		};
		E321F63E7F564346B0D17DD1 /* Release */ = {
			isa = XCBuildConfiguration;
			buildSettings = {
				COMBINE_HIDPI_IMAGES = YES;
				GCC_GENERATE_DEBUGGING_SYMBOLS = YES;
				GCC_INLINES_ARE_PRIVATE_EXTERN = NO;
				GCC_OPTIMIZATION_LEVEL = 0;
				GCC_PREPROCESSOR_DEFINITIONS = "'CMAKE_INTDIR=\"$(CONFIGURATION)$(EFFECTIVE_PLATFORM_NAME)\"'";
				GCC_SYMBOLS_PRIVATE_EXTERN = NO;
				INSTALL_PATH = "";
				OTHER_LDFLAGS = " ";
				OTHER_REZFLAGS = "";
				PRODUCT_NAME = ALL_BUILD;
				SECTORDER_FLAGS = "";
				SYMROOT = "/Users/doug/Documents/GitHub/Udacity Self Driving Car Term 2/Project 5/Model-Predictive-Control/xcode";
				USE_HEADERMAP = NO;
				WARNING_CFLAGS = (
					"-Wmost",
					"-Wno-four-char-constants",
					"-Wno-unknown-pragmas",
					"$(inherited)",
				);
			};
			name = Release;
		};
		FCAF1013B291496996FCF2B1 /* Release */ = {
			isa = XCBuildConfiguration;
			buildSettings = {
				COMBINE_HIDPI_IMAGES = YES;
				EXECUTABLE_PREFIX = "";
				EXECUTABLE_SUFFIX = "";
				GCC_GENERATE_DEBUGGING_SYMBOLS = NO;
				GCC_INLINES_ARE_PRIVATE_EXTERN = NO;
				GCC_OPTIMIZATION_LEVEL = 3;
				GCC_PREPROCESSOR_DEFINITIONS = "'CMAKE_INTDIR=\"$(CONFIGURATION)$(EFFECTIVE_PLATFORM_NAME)\"'";
				GCC_SYMBOLS_PRIVATE_EXTERN = NO;
				HEADER_SEARCH_PATHS = (
					/usr/local/include,
					"\"/Users/doug/Documents/GitHub/Udacity Self Driving Car Term 2/Project 5/Model-Predictive-Control/src/Eigen-3.3\"",
					/usr/local/opt/openssl/include,
				);
				INSTALL_PATH = "";
				LD_RUNPATH_SEARCH_PATHS = "/usr/local/lib /usr/local/opt/openssl/lib /usr/local/Cellar/libuv/1*/lib";
				LIBRARY_SEARCH_PATHS = (
					"/usr/local/lib/$(CONFIGURATION)$(EFFECTIVE_PLATFORM_NAME)",
					/usr/local/lib,
					"/usr/local/opt/openssl/lib/$(CONFIGURATION)$(EFFECTIVE_PLATFORM_NAME)",
					/usr/local/opt/openssl/lib,
					"/usr/local/Cellar/libuv/1*/lib/$(CONFIGURATION)$(EFFECTIVE_PLATFORM_NAME)",
					"/usr/local/Cellar/libuv/1*/lib",
				);
				OTHER_CPLUSPLUSFLAGS = (
					"-Wall",
					"-DNDEBUG",
					"-I/usr/local/include",
					"-I\"/Users/doug/Documents/GitHub/Udacity Self Driving Car Term 2/Project 5/Model-Predictive-Control/src/Eigen-3.3\"",
					"-I/usr/local/opt/openssl/include",
					"-std=c++11",
					"-O3",
				);
				OTHER_LDFLAGS = (
					"-Wl,-search_paths_first",
					"-Wl,-headerpad_max_install_names",
					"-lipopt",
					"-lz",
					"-lssl",
					"-luv",
					"-luWS",
				);
				OTHER_REZFLAGS = "";
				PRODUCT_NAME = mpc;
				SECTORDER_FLAGS = "";
				SYMROOT = "/Users/doug/Documents/GitHub/Udacity Self Driving Car Term 2/Project 5/Model-Predictive-Control/xcode";
				USE_HEADERMAP = NO;
				WARNING_CFLAGS = (
					"-Wmost",
					"-Wno-four-char-constants",
					"-Wno-unknown-pragmas",
					"$(inherited)",
				);
			};
			name = Release;
		};
		FFDEDBD9159E4E3FB8E4EDE7 /* Debug */ = {
			isa = XCBuildConfiguration;
			buildSettings = {
				COMBINE_HIDPI_IMAGES = YES;
				EXECUTABLE_PREFIX = "";
				EXECUTABLE_SUFFIX = "";
				GCC_GENERATE_DEBUGGING_SYMBOLS = YES;
				GCC_INLINES_ARE_PRIVATE_EXTERN = NO;
				GCC_OPTIMIZATION_LEVEL = 0;
				GCC_PREPROCESSOR_DEFINITIONS = "'CMAKE_INTDIR=\"$(CONFIGURATION)$(EFFECTIVE_PLATFORM_NAME)\"'";
				GCC_SYMBOLS_PRIVATE_EXTERN = NO;
				HEADER_SEARCH_PATHS = (
					/usr/local/include,
					"\"/Users/doug/Documents/GitHub/Udacity Self Driving Car Term 2/Project 5/Model-Predictive-Control/src/Eigen-3.3\"",
					/usr/local/opt/openssl/include,
				);
				INSTALL_PATH = "";
				LD_RUNPATH_SEARCH_PATHS = "/usr/local/lib /usr/local/opt/openssl/lib /usr/local/Cellar/libuv/1*/lib";
				LIBRARY_SEARCH_PATHS = (
					"/usr/local/lib/$(CONFIGURATION)$(EFFECTIVE_PLATFORM_NAME)",
					/usr/local/lib,
					"/usr/local/opt/openssl/lib/$(CONFIGURATION)$(EFFECTIVE_PLATFORM_NAME)",
					/usr/local/opt/openssl/lib,
					"/usr/local/Cellar/libuv/1*/lib/$(CONFIGURATION)$(EFFECTIVE_PLATFORM_NAME)",
					"/usr/local/Cellar/libuv/1*/lib",
				);
				OTHER_CPLUSPLUSFLAGS = (
					"-Wall",
					"-I/usr/local/include",
					"-I\"/Users/doug/Documents/GitHub/Udacity Self Driving Car Term 2/Project 5/Model-Predictive-Control/src/Eigen-3.3\"",
					"-I/usr/local/opt/openssl/include",
					"-std=c++11",
					"-O3",
				);
				OTHER_LDFLAGS = (
					"-Wl,-search_paths_first",
					"-Wl,-headerpad_max_install_names",
					"-lipopt",
					"-lz",
					"-lssl",
					"-luv",
					"-luWS",
				);
				OTHER_REZFLAGS = "";
				PRODUCT_NAME = mpc;
				SECTORDER_FLAGS = "";
				SYMROOT = "/Users/doug/Documents/GitHub/Udacity Self Driving Car Term 2/Project 5/Model-Predictive-Control/xcode";
				USE_HEADERMAP = NO;
				WARNING_CFLAGS = (
					"-Wmost",
					"-Wno-four-char-constants",
					"-Wno-unknown-pragmas",
					"$(inherited)",
				);
			};
			name = Debug;
		};
/* End XCBuildConfiguration section */

/* Begin XCConfigurationList section */
		3DBE73AE54E74D2BA5BA7AAF /* Build configuration list for PBXAggregateTarget "ALL_BUILD" */ = {
			isa = XCConfigurationList;
			buildConfigurations = (
				55EFE112C4DC4E2F9F68AB22 /* Debug */,
				E321F63E7F564346B0D17DD1 /* Release */,
				0E948CBAAC7C4C8FA7842650 /* MinSizeRel */,
				5C57A5BB3B0E4A398C4DA74A /* RelWithDebInfo */,
			);
			defaultConfigurationIsVisible = 0;
			defaultConfigurationName = Debug;
		};
		8A6B3B551D6347068DB41682 /* Build configuration list for PBXNativeTarget "mpc" */ = {
			isa = XCConfigurationList;
			buildConfigurations = (
				FFDEDBD9159E4E3FB8E4EDE7 /* Debug */,
				FCAF1013B291496996FCF2B1 /* Release */,
				D5904F4F55F24A778AE1722E /* MinSizeRel */,
				D79067BD6D654D9AA03349DC /* RelWithDebInfo */,
			);
			defaultConfigurationIsVisible = 0;
			defaultConfigurationName = Debug;
		};
		CACF1C91956A40D4A2879615 /* Build configuration list for PBXAggregateTarget "ZERO_CHECK" */ = {
			isa = XCConfigurationList;
			buildConfigurations = (
				5F70B8077E6F4FDD86D95EE0 /* Debug */,
				6D47B5804CDB4796B9479CBC /* Release */,
				929E84DF839344758B6AF721 /* MinSizeRel */,
				AA44F3DD1FAE48ECA50C0EDC /* RelWithDebInfo */,
			);
			defaultConfigurationIsVisible = 0;
			defaultConfigurationName = Debug;
		};
		D9AD0E6A2DBE46D3AF2AAEA4 /* Build configuration list for PBXProject "MPC" */ = {
			isa = XCConfigurationList;
			buildConfigurations = (
				1EEEA2E297424059A4F9B488 /* Debug */,
				908D04F0BA65473CAE552638 /* Release */,
				76CB8FCAF5274FD8B244E125 /* MinSizeRel */,
				092F6898FB994FF3A5F98FD5 /* RelWithDebInfo */,
			);
			defaultConfigurationIsVisible = 0;
			defaultConfigurationName = Debug;
		};
/* End XCConfigurationList section */
	};
	rootObject = 794CFADFF8B84D139FBCFB53 /* Project object */;
}
